// !$*UTF8*$!
{
	archiveVersion = 1;
	classes = {
	};
	objectVersion = 77;
	objects = {

/* Begin PBXContainerItemProxy section */
		FAF740732CEBD34F0066C0C7 /* PBXContainerItemProxy */ = {
			isa = PBXContainerItemProxy;
			containerPortal = FAF740582CEBD34F0066C0C7 /* Project object */;
			proxyType = 1;
			remoteGlobalIDString = FAF7405F2CEBD34F0066C0C7;
			remoteInfo = SurveyApplication;
		};
		FAF7407D2CEBD34F0066C0C7 /* PBXContainerItemProxy */ = {
			isa = PBXContainerItemProxy;
			containerPortal = FAF740582CEBD34F0066C0C7 /* Project object */;
			proxyType = 1;
			remoteGlobalIDString = FAF7405F2CEBD34F0066C0C7;
			remoteInfo = SurveyApplication;
		};
/* End PBXContainerItemProxy section */

/* Begin PBXFileReference section */
		FAF740602CEBD34F0066C0C7 /* SurveyApplication.app */ = {isa = PBXFileReference; explicitFileType = wrapper.application; includeInIndex = 0; path = SurveyApplication.app; sourceTree = BUILT_PRODUCTS_DIR; };
		FAF740722CEBD34F0066C0C7 /* SurveyApplicationTests.xctest */ = {isa = PBXFileReference; explicitFileType = wrapper.cfbundle; includeInIndex = 0; path = SurveyApplicationTests.xctest; sourceTree = BUILT_PRODUCTS_DIR; };
		FAF7407C2CEBD34F0066C0C7 /* SurveyApplicationUITests.xctest */ = {isa = PBXFileReference; explicitFileType = wrapper.cfbundle; includeInIndex = 0; path = SurveyApplicationUITests.xctest; sourceTree = BUILT_PRODUCTS_DIR; };
/* End PBXFileReference section */

/* Begin PBXFileSystemSynchronizedRootGroup section */
		FAF740622CEBD34F0066C0C7 /* SurveyApplication */ = {
			isa = PBXFileSystemSynchronizedRootGroup;
			path = SurveyApplication;
			sourceTree = "<group>";
		};
		FAF740752CEBD34F0066C0C7 /* SurveyApplicationTests */ = {
			isa = PBXFileSystemSynchronizedRootGroup;
			path = SurveyApplicationTests;
			sourceTree = "<group>";
		};
		FAF7407F2CEBD34F0066C0C7 /* SurveyApplicationUITests */ = {
			isa = PBXFileSystemSynchronizedRootGroup;
			path = SurveyApplicationUITests;
			sourceTree = "<group>";
		};
/* End PBXFileSystemSynchronizedRootGroup section */

/* Begin PBXFrameworksBuildPhase section */
		FAF7405D2CEBD34F0066C0C7 /* Frameworks */ = {
			isa = PBXFrameworksBuildPhase;
			buildActionMask = 2147483647;
			files = (
			);
			runOnlyForDeploymentPostprocessing = 0;
		};
		FAF7406F2CEBD34F0066C0C7 /* Frameworks */ = {
			isa = PBXFrameworksBuildPhase;
			buildActionMask = 2147483647;
			files = (
			);
			runOnlyForDeploymentPostprocessing = 0;
		};
		FAF740792CEBD34F0066C0C7 /* Frameworks */ = {
			isa = PBXFrameworksBuildPhase;
			buildActionMask = 2147483647;
			files = (
			);
			runOnlyForDeploymentPostprocessing = 0;
		};
/* End PBXFrameworksBuildPhase section */

/* Begin PBXGroup section */
		FAF740572CEBD34F0066C0C7 = {
			isa = PBXGroup;
			children = (
				FAF740622CEBD34F0066C0C7 /* SurveyApplication */,
				FAF740752CEBD34F0066C0C7 /* SurveyApplicationTests */,
				FAF7407F2CEBD34F0066C0C7 /* SurveyApplicationUITests */,
				FAF740612CEBD34F0066C0C7 /* Products */,
			);
			sourceTree = "<group>";
		};
		FAF740612CEBD34F0066C0C7 /* Products */ = {
			isa = PBXGroup;
			children = (
				FAF740602CEBD34F0066C0C7 /* SurveyApplication.app */,
				FAF740722CEBD34F0066C0C7 /* SurveyApplicationTests.xctest */,
				FAF7407C2CEBD34F0066C0C7 /* SurveyApplicationUITests.xctest */,
			);
			name = Products;
			sourceTree = "<group>";
		};
/* End PBXGroup section */

/* Begin PBXNativeTarget section */
		FAF7405F2CEBD34F0066C0C7 /* SurveyApplication */ = {
			isa = PBXNativeTarget;
			buildConfigurationList = FAF740862CEBD34F0066C0C7 /* Build configuration list for PBXNativeTarget "SurveyApplication" */;
			buildPhases = (
				FAF7405C2CEBD34F0066C0C7 /* Sources */,
				FAF7405D2CEBD34F0066C0C7 /* Frameworks */,
				FAF7405E2CEBD34F0066C0C7 /* Resources */,
			);
			buildRules = (
			);
			dependencies = (
			);
			fileSystemSynchronizedGroups = (
				FAF740622CEBD34F0066C0C7 /* SurveyApplication */,
			);
			name = SurveyApplication;
			packageProductDependencies = (
			);
			productName = SurveyApplication;
			productReference = FAF740602CEBD34F0066C0C7 /* SurveyApplication.app */;
			productType = "com.apple.product-type.application";
		};
		FAF740712CEBD34F0066C0C7 /* SurveyApplicationTests */ = {
			isa = PBXNativeTarget;
			buildConfigurationList = FAF740892CEBD34F0066C0C7 /* Build configuration list for PBXNativeTarget "SurveyApplicationTests" */;
			buildPhases = (
				FAF7406E2CEBD34F0066C0C7 /* Sources */,
				FAF7406F2CEBD34F0066C0C7 /* Frameworks */,
				FAF740702CEBD34F0066C0C7 /* Resources */,
			);
			buildRules = (
			);
			dependencies = (
				FAF740742CEBD34F0066C0C7 /* PBXTargetDependency */,
			);
			fileSystemSynchronizedGroups = (
				FAF740752CEBD34F0066C0C7 /* SurveyApplicationTests */,
			);
			name = SurveyApplicationTests;
			packageProductDependencies = (
			);
			productName = SurveyApplicationTests;
			productReference = FAF740722CEBD34F0066C0C7 /* SurveyApplicationTests.xctest */;
			productType = "com.apple.product-type.bundle.unit-test";
		};
		FAF7407B2CEBD34F0066C0C7 /* SurveyApplicationUITests */ = {
			isa = PBXNativeTarget;
			buildConfigurationList = FAF7408C2CEBD34F0066C0C7 /* Build configuration list for PBXNativeTarget "SurveyApplicationUITests" */;
			buildPhases = (
				FAF740782CEBD34F0066C0C7 /* Sources */,
				FAF740792CEBD34F0066C0C7 /* Frameworks */,
				FAF7407A2CEBD34F0066C0C7 /* Resources */,
			);
			buildRules = (
			);
			dependencies = (
				FAF7407E2CEBD34F0066C0C7 /* PBXTargetDependency */,
			);
			fileSystemSynchronizedGroups = (
				FAF7407F2CEBD34F0066C0C7 /* SurveyApplicationUITests */,
			);
			name = SurveyApplicationUITests;
			packageProductDependencies = (
			);
			productName = SurveyApplicationUITests;
			productReference = FAF7407C2CEBD34F0066C0C7 /* SurveyApplicationUITests.xctest */;
			productType = "com.apple.product-type.bundle.ui-testing";
		};
/* End PBXNativeTarget section */

/* Begin PBXProject section */
		FAF740582CEBD34F0066C0C7 /* Project object */ = {
			isa = PBXProject;
			attributes = {
				BuildIndependentTargetsInParallel = 1;
				LastSwiftUpdateCheck = 1610;
				LastUpgradeCheck = 1610;
				TargetAttributes = {
					FAF7405F2CEBD34F0066C0C7 = {
						CreatedOnToolsVersion = 16.1;
					};
					FAF740712CEBD34F0066C0C7 = {
						CreatedOnToolsVersion = 16.1;
						TestTargetID = FAF7405F2CEBD34F0066C0C7;
					};
					FAF7407B2CEBD34F0066C0C7 = {
						CreatedOnToolsVersion = 16.1;
						TestTargetID = FAF7405F2CEBD34F0066C0C7;
					};
				};
			};
			buildConfigurationList = FAF7405B2CEBD34F0066C0C7 /* Build configuration list for PBXProject "SurveyApplication" */;
			developmentRegion = en;
			hasScannedForEncodings = 0;
			knownRegions = (
				en,
				Base,
			);
			mainGroup = FAF740572CEBD34F0066C0C7;
			minimizedProjectReferenceProxies = 1;
			preferredProjectObjectVersion = 77;
			productRefGroup = FAF740612CEBD34F0066C0C7 /* Products */;
			projectDirPath = "";
			projectRoot = "";
			targets = (
				FAF7405F2CEBD34F0066C0C7 /* SurveyApplication */,
				FAF740712CEBD34F0066C0C7 /* SurveyApplicationTests */,
				FAF7407B2CEBD34F0066C0C7 /* SurveyApplicationUITests */,
			);
		};
/* End PBXProject section */

/* Begin PBXResourcesBuildPhase section */
		FAF7405E2CEBD34F0066C0C7 /* Resources */ = {
			isa = PBXResourcesBuildPhase;
			buildActionMask = 2147483647;
			files = (
			);
			runOnlyForDeploymentPostprocessing = 0;
		};
		FAF740702CEBD34F0066C0C7 /* Resources */ = {
			isa = PBXResourcesBuildPhase;
			buildActionMask = 2147483647;
			files = (
			);
			runOnlyForDeploymentPostprocessing = 0;
		};
		FAF7407A2CEBD34F0066C0C7 /* Resources */ = {
			isa = PBXResourcesBuildPhase;
			buildActionMask = 2147483647;
			files = (
			);
			runOnlyForDeploymentPostprocessing = 0;
		};
/* End PBXResourcesBuildPhase section */

/* Begin PBXSourcesBuildPhase section */
		FAF7405C2CEBD34F0066C0C7 /* Sources */ = {
			isa = PBXSourcesBuildPhase;
			buildActionMask = 2147483647;
			files = (
			);
			runOnlyForDeploymentPostprocessing = 0;
		};
		FAF7406E2CEBD34F0066C0C7 /* Sources */ = {
			isa = PBXSourcesBuildPhase;
			buildActionMask = 2147483647;
			files = (
			);
			runOnlyForDeploymentPostprocessing = 0;
		};
		FAF740782CEBD34F0066C0C7 /* Sources */ = {
			isa = PBXSourcesBuildPhase;
			buildActionMask = 2147483647;
			files = (
			);
			runOnlyForDeploymentPostprocessing = 0;
		};
/* End PBXSourcesBuildPhase section */

/* Begin PBXTargetDependency section */
		FAF740742CEBD34F0066C0C7 /* PBXTargetDependency */ = {
			isa = PBXTargetDependency;
			target = FAF7405F2CEBD34F0066C0C7 /* SurveyApplication */;
			targetProxy = FAF740732CEBD34F0066C0C7 /* PBXContainerItemProxy */;
		};
		FAF7407E2CEBD34F0066C0C7 /* PBXTargetDependency */ = {
			isa = PBXTargetDependency;
			target = FAF7405F2CEBD34F0066C0C7 /* SurveyApplication */;
			targetProxy = FAF7407D2CEBD34F0066C0C7 /* PBXContainerItemProxy */;
		};
/* End PBXTargetDependency section */

/* Begin XCBuildConfiguration section */
		FAF740842CEBD34F0066C0C7 /* Debug */ = {
			isa = XCBuildConfiguration;
			buildSettings = {
				ALWAYS_SEARCH_USER_PATHS = NO;
				ASSETCATALOG_COMPILER_GENERATE_SWIFT_ASSET_SYMBOL_EXTENSIONS = YES;
				CLANG_ANALYZER_NONNULL = YES;
				CLANG_ANALYZER_NUMBER_OBJECT_CONVERSION = YES_AGGRESSIVE;
				CLANG_CXX_LANGUAGE_STANDARD = "gnu++20";
				CLANG_ENABLE_MODULES = YES;
				CLANG_ENABLE_OBJC_ARC = YES;
				CLANG_ENABLE_OBJC_WEAK = YES;
				CLANG_WARN_BLOCK_CAPTURE_AUTORELEASING = YES;
				CLANG_WARN_BOOL_CONVERSION = YES;
				CLANG_WARN_COMMA = YES;
				CLANG_WARN_CONSTANT_CONVERSION = YES;
				CLANG_WARN_DEPRECATED_OBJC_IMPLEMENTATIONS = YES;
				CLANG_WARN_DIRECT_OBJC_ISA_USAGE = YES_ERROR;
				CLANG_WARN_DOCUMENTATION_COMMENTS = YES;
				CLANG_WARN_EMPTY_BODY = YES;
				CLANG_WARN_ENUM_CONVERSION = YES;
				CLANG_WARN_INFINITE_RECURSION = YES;
				CLANG_WARN_INT_CONVERSION = YES;
				CLANG_WARN_NON_LITERAL_NULL_CONVERSION = YES;
				CLANG_WARN_OBJC_IMPLICIT_RETAIN_SELF = YES;
				CLANG_WARN_OBJC_LITERAL_CONVERSION = YES;
				CLANG_WARN_OBJC_ROOT_CLASS = YES_ERROR;
				CLANG_WARN_QUOTED_INCLUDE_IN_FRAMEWORK_HEADER = YES;
				CLANG_WARN_RANGE_LOOP_ANALYSIS = YES;
				CLANG_WARN_STRICT_PROTOTYPES = YES;
				CLANG_WARN_SUSPICIOUS_MOVE = YES;
				CLANG_WARN_UNGUARDED_AVAILABILITY = YES_AGGRESSIVE;
				CLANG_WARN_UNREACHABLE_CODE = YES;
				CLANG_WARN__DUPLICATE_METHOD_MATCH = YES;
				COPY_PHASE_STRIP = NO;
				DEBUG_INFORMATION_FORMAT = dwarf;
				ENABLE_STRICT_OBJC_MSGSEND = YES;
				ENABLE_TESTABILITY = YES;
				ENABLE_USER_SCRIPT_SANDBOXING = YES;
				GCC_C_LANGUAGE_STANDARD = gnu17;
				GCC_DYNAMIC_NO_PIC = NO;
				GCC_NO_COMMON_BLOCKS = YES;
				GCC_OPTIMIZATION_LEVEL = 0;
				GCC_PREPROCESSOR_DEFINITIONS = (
					"DEBUG=1",
					"$(inherited)",
				);
				GCC_WARN_64_TO_32_BIT_CONVERSION = YES;
				GCC_WARN_ABOUT_RETURN_TYPE = YES_ERROR;
				GCC_WARN_UNDECLARED_SELECTOR = YES;
				GCC_WARN_UNINITIALIZED_AUTOS = YES_AGGRESSIVE;
				GCC_WARN_UNUSED_FUNCTION = YES;
				GCC_WARN_UNUSED_VARIABLE = YES;
				IPHONEOS_DEPLOYMENT_TARGET = 18.1;
				LOCALIZATION_PREFERS_STRING_CATALOGS = YES;
				MTL_ENABLE_DEBUG_INFO = INCLUDE_SOURCE;
				MTL_FAST_MATH = YES;
				ONLY_ACTIVE_ARCH = YES;
				SDKROOT = iphoneos;
				SWIFT_ACTIVE_COMPILATION_CONDITIONS = "DEBUG $(inherited)";
				SWIFT_OPTIMIZATION_LEVEL = "-Onone";
			};
			name = Debug;
		};
		FAF740852CEBD34F0066C0C7 /* Release */ = {
			isa = XCBuildConfiguration;
			buildSettings = {
				ALWAYS_SEARCH_USER_PATHS = NO;
				ASSETCATALOG_COMPILER_GENERATE_SWIFT_ASSET_SYMBOL_EXTENSIONS = YES;
				CLANG_ANALYZER_NONNULL = YES;
				CLANG_ANALYZER_NUMBER_OBJECT_CONVERSION = YES_AGGRESSIVE;
				CLANG_CXX_LANGUAGE_STANDARD = "gnu++20";
				CLANG_ENABLE_MODULES = YES;
				CLANG_ENABLE_OBJC_ARC = YES;
				CLANG_ENABLE_OBJC_WEAK = YES;
				CLANG_WARN_BLOCK_CAPTURE_AUTORELEASING = YES;
				CLANG_WARN_BOOL_CONVERSION = YES;
				CLANG_WARN_COMMA = YES;
				CLANG_WARN_CONSTANT_CONVERSION = YES;
				CLANG_WARN_DEPRECATED_OBJC_IMPLEMENTATIONS = YES;
				CLANG_WARN_DIRECT_OBJC_ISA_USAGE = YES_ERROR;
				CLANG_WARN_DOCUMENTATION_COMMENTS = YES;
				CLANG_WARN_EMPTY_BODY = YES;
				CLANG_WARN_ENUM_CONVERSION = YES;
				CLANG_WARN_INFINITE_RECURSION = YES;
				CLANG_WARN_INT_CONVERSION = YES;
				CLANG_WARN_NON_LITERAL_NULL_CONVERSION = YES;
				CLANG_WARN_OBJC_IMPLICIT_RETAIN_SELF = YES;
				CLANG_WARN_OBJC_LITERAL_CONVERSION = YES;
				CLANG_WARN_OBJC_ROOT_CLASS = YES_ERROR;
				CLANG_WARN_QUOTED_INCLUDE_IN_FRAMEWORK_HEADER = YES;
				CLANG_WARN_RANGE_LOOP_ANALYSIS = YES;
				CLANG_WARN_STRICT_PROTOTYPES = YES;
				CLANG_WARN_SUSPICIOUS_MOVE = YES;
				CLANG_WARN_UNGUARDED_AVAILABILITY = YES_AGGRESSIVE;
				CLANG_WARN_UNREACHABLE_CODE = YES;
				CLANG_WARN__DUPLICATE_METHOD_MATCH = YES;
				COPY_PHASE_STRIP = NO;
				DEBUG_INFORMATION_FORMAT = "dwarf-with-dsym";
				ENABLE_NS_ASSERTIONS = NO;
				ENABLE_STRICT_OBJC_MSGSEND = YES;
				ENABLE_USER_SCRIPT_SANDBOXING = YES;
				GCC_C_LANGUAGE_STANDARD = gnu17;
				GCC_NO_COMMON_BLOCKS = YES;
				GCC_WARN_64_TO_32_BIT_CONVERSION = YES;
				GCC_WARN_ABOUT_RETURN_TYPE = YES_ERROR;
				GCC_WARN_UNDECLARED_SELECTOR = YES;
				GCC_WARN_UNINITIALIZED_AUTOS = YES_AGGRESSIVE;
				GCC_WARN_UNUSED_FUNCTION = YES;
				GCC_WARN_UNUSED_VARIABLE = YES;
				IPHONEOS_DEPLOYMENT_TARGET = 18.1;
				LOCALIZATION_PREFERS_STRING_CATALOGS = YES;
				MTL_ENABLE_DEBUG_INFO = NO;
				MTL_FAST_MATH = YES;
				SDKROOT = iphoneos;
				SWIFT_COMPILATION_MODE = wholemodule;
				VALIDATE_PRODUCT = YES;
			};
			name = Release;
		};
		FAF740872CEBD34F0066C0C7 /* Debug */ = {
			isa = XCBuildConfiguration;
			buildSettings = {
				ASSETCATALOG_COMPILER_APPICON_NAME = AppIcon;
				ASSETCATALOG_COMPILER_GLOBAL_ACCENT_COLOR_NAME = AccentColor;
				CODE_SIGN_STYLE = Automatic;
				CURRENT_PROJECT_VERSION = 1;
				DEVELOPMENT_ASSET_PATHS = "\"SurveyApplication/Preview Content\"";
				DEVELOPMENT_TEAM = AR699W2TVW;
				ENABLE_PREVIEWS = YES;
				GENERATE_INFOPLIST_FILE = YES;
				INFOPLIST_KEY_UIApplicationSceneManifest_Generation = YES;
				INFOPLIST_KEY_UIApplicationSupportsIndirectInputEvents = YES;
				INFOPLIST_KEY_UILaunchScreen_Generation = YES;
				INFOPLIST_KEY_UISupportedInterfaceOrientations_iPad = "UIInterfaceOrientationPortrait UIInterfaceOrientationPortraitUpsideDown UIInterfaceOrientationLandscapeLeft UIInterfaceOrientationLandscapeRight";
				INFOPLIST_KEY_UISupportedInterfaceOrientations_iPhone = "UIInterfaceOrientationPortrait UIInterfaceOrientationLandscapeLeft UIInterfaceOrientationLandscapeRight";
				LD_RUNPATH_SEARCH_PATHS = (
					"$(inherited)",
					"@executable_path/Frameworks",
				);
				MARKETING_VERSION = 1.0;
				PRODUCT_BUNDLE_IDENTIFIER = com.hellosamet.SurveyApplication;
				PRODUCT_NAME = "$(TARGET_NAME)";
				SWIFT_EMIT_LOC_STRINGS = YES;
				SWIFT_VERSION = 5.0;
				TARGETED_DEVICE_FAMILY = "1,2";
			};
			name = Debug;
		};
		FAF740882CEBD34F0066C0C7 /* Release */ = {
			isa = XCBuildConfiguration;
			buildSettings = {
				ASSETCATALOG_COMPILER_APPICON_NAME = AppIcon;
				ASSETCATALOG_COMPILER_GLOBAL_ACCENT_COLOR_NAME = AccentColor;
				CODE_SIGN_STYLE = Automatic;
				CURRENT_PROJECT_VERSION = 1;
				DEVELOPMENT_ASSET_PATHS = "\"SurveyApplication/Preview Content\"";
				DEVELOPMENT_TEAM = AR699W2TVW;
				ENABLE_PREVIEWS = YES;
				GENERATE_INFOPLIST_FILE = YES;
				INFOPLIST_KEY_UIApplicationSceneManifest_Generation = YES;
				INFOPLIST_KEY_UIApplicationSupportsIndirectInputEvents = YES;
				INFOPLIST_KEY_UILaunchScreen_Generation = YES;
				INFOPLIST_KEY_UISupportedInterfaceOrientations_iPad = "UIInterfaceOrientationPortrait UIInterfaceOrientationPortraitUpsideDown UIInterfaceOrientationLandscapeLeft UIInterfaceOrientationLandscapeRight";
				INFOPLIST_KEY_UISupportedInterfaceOrientations_iPhone = "UIInterfaceOrientationPortrait UIInterfaceOrientationLandscapeLeft UIInterfaceOrientationLandscapeRight";
				LD_RUNPATH_SEARCH_PATHS = (
					"$(inherited)",
					"@executable_path/Frameworks",
				);
				MARKETING_VERSION = 1.0;
				PRODUCT_BUNDLE_IDENTIFIER = com.hellosamet.SurveyApplication;
				PRODUCT_NAME = "$(TARGET_NAME)";
				SWIFT_EMIT_LOC_STRINGS = YES;
				SWIFT_VERSION = 5.0;
				TARGETED_DEVICE_FAMILY = "1,2";
			};
			name = Release;
		};
		FAF7408A2CEBD34F0066C0C7 /* Debug */ = {
			isa = XCBuildConfiguration;
			buildSettings = {
				BUNDLE_LOADER = "$(TEST_HOST)";
				CODE_SIGN_STYLE = Automatic;
				CURRENT_PROJECT_VERSION = 1;
				DEVELOPMENT_TEAM = AR699W2TVW;
				GENERATE_INFOPLIST_FILE = YES;
				IPHONEOS_DEPLOYMENT_TARGET = 18.1;
				MARKETING_VERSION = 1.0;
				PRODUCT_BUNDLE_IDENTIFIER = com.hellosamet.SurveyApplicationTests;
				PRODUCT_NAME = "$(TARGET_NAME)";
				SWIFT_EMIT_LOC_STRINGS = NO;
				SWIFT_VERSION = 5.0;
				TARGETED_DEVICE_FAMILY = "1,2";
				TEST_HOST = "$(BUILT_PRODUCTS_DIR)/SurveyApplication.app/$(BUNDLE_EXECUTABLE_FOLDER_PATH)/SurveyApplication";
			};
			name = Debug;
		};
		FAF7408B2CEBD34F0066C0C7 /* Release */ = {
			isa = XCBuildConfiguration;
			buildSettings = {
				BUNDLE_LOADER = "$(TEST_HOST)";
				CODE_SIGN_STYLE = Automatic;
				CURRENT_PROJECT_VERSION = 1;
				DEVELOPMENT_TEAM = AR699W2TVW;
				GENERATE_INFOPLIST_FILE = YES;
				IPHONEOS_DEPLOYMENT_TARGET = 18.1;
				MARKETING_VERSION = 1.0;
				PRODUCT_BUNDLE_IDENTIFIER = com.hellosamet.SurveyApplicationTests;
				PRODUCT_NAME = "$(TARGET_NAME)";
				SWIFT_EMIT_LOC_STRINGS = NO;
				SWIFT_VERSION = 5.0;
				TARGETED_DEVICE_FAMILY = "1,2";
				TEST_HOST = "$(BUILT_PRODUCTS_DIR)/SurveyApplication.app/$(BUNDLE_EXECUTABLE_FOLDER_PATH)/SurveyApplication";
			};
			name = Release;
		};
		FAF7408D2CEBD34F0066C0C7 /* Debug */ = {
			isa = XCBuildConfiguration;
			buildSettings = {
				CODE_SIGN_STYLE = Automatic;
				CURRENT_PROJECT_VERSION = 1;
				DEVELOPMENT_TEAM = AR699W2TVW;
				GENERATE_INFOPLIST_FILE = YES;
				MARKETING_VERSION = 1.0;
				PRODUCT_BUNDLE_IDENTIFIER = com.hellosamet.SurveyApplicationUITests;
				PRODUCT_NAME = "$(TARGET_NAME)";
				SWIFT_EMIT_LOC_STRINGS = NO;
				SWIFT_VERSION = 5.0;
				TARGETED_DEVICE_FAMILY = "1,2";
				TEST_TARGET_NAME = SurveyApplication;
			};
			name = Debug;
		};
		FAF7408E2CEBD34F0066C0C7 /* Release */ = {
			isa = XCBuildConfiguration;
			buildSettings = {
				CODE_SIGN_STYLE = Automatic;
				CURRENT_PROJECT_VERSION = 1;
				DEVELOPMENT_TEAM = AR699W2TVW;
				GENERATE_INFOPLIST_FILE = YES;
				MARKETING_VERSION = 1.0;
				PRODUCT_BUNDLE_IDENTIFIER = com.hellosamet.SurveyApplicationUITests;
				PRODUCT_NAME = "$(TARGET_NAME)";
				SWIFT_EMIT_LOC_STRINGS = NO;
				SWIFT_VERSION = 5.0;
				TARGETED_DEVICE_FAMILY = "1,2";
				TEST_TARGET_NAME = SurveyApplication;
			};
			name = Release;
		};
/* End XCBuildConfiguration section */

/* Begin XCConfigurationList section */
		FAF7405B2CEBD34F0066C0C7 /* Build configuration list for PBXProject "SurveyApplication" */ = {
			isa = XCConfigurationList;
			buildConfigurations = (
				FAF740842CEBD34F0066C0C7 /* Debug */,
				FAF740852CEBD34F0066C0C7 /* Release */,
			);
			defaultConfigurationIsVisible = 0;
			defaultConfigurationName = Release;
		};
		FAF740862CEBD34F0066C0C7 /* Build configuration list for PBXNativeTarget "SurveyApplication" */ = {
			isa = XCConfigurationList;
			buildConfigurations = (
				FAF740872CEBD34F0066C0C7 /* Debug */,
				FAF740882CEBD34F0066C0C7 /* Release */,
			);
			defaultConfigurationIsVisible = 0;
			defaultConfigurationName = Release;
		};
		FAF740892CEBD34F0066C0C7 /* Build configuration list for PBXNativeTarget "SurveyApplicationTests" */ = {
			isa = XCConfigurationList;
			buildConfigurations = (
				FAF7408A2CEBD34F0066C0C7 /* Debug */,
				FAF7408B2CEBD34F0066C0C7 /* Release */,
			);
			defaultConfigurationIsVisible = 0;
			defaultConfigurationName = Release;
		};
		FAF7408C2CEBD34F0066C0C7 /* Build configuration list for PBXNativeTarget "SurveyApplicationUITests" */ = {
			isa = XCConfigurationList;
			buildConfigurations = (
				FAF7408D2CEBD34F0066C0C7 /* Debug */,
				FAF7408E2CEBD34F0066C0C7 /* Release */,
			);
			defaultConfigurationIsVisible = 0;
			defaultConfigurationName = Release;
		};
/* End XCConfigurationList section */
	};
	rootObject = FAF740582CEBD34F0066C0C7 /* Project object */;
}
